# THIS IS AN AUTOGENERATED FILE. DO NOT EDIT THIS FILE DIRECTLY.
# yarn lockfile v1


"@lexical/clipboard@0.3.11":
  version "0.3.11"
  resolved "https://registry.npmjs.org/@lexical/clipboard/-/clipboard-0.3.11.tgz"
  integrity sha512-ly+9R2Rccz80eV9Gu0hOi701fXIyU50t+S7OR0Ensos09oAmQPae6poFkvS3k36tH+leLgk0hRZ47pB/+ejENA==
  dependencies:
    "@lexical/html" "0.3.11"
    "@lexical/list" "0.3.11"
    "@lexical/selection" "0.3.11"
    "@lexical/utils" "0.3.11"

"@lexical/code@0.3.11":
  version "0.3.11"
  resolved "https://registry.npmjs.org/@lexical/code/-/code-0.3.11.tgz"
  integrity sha512-huyOUwrihXydgrNQgrSjy8fkgTNqM67+Yx1c3X0VFWcTvavbbNT8R/sXx8qDMWUARCKEnoEPBUk3Jbtt+9CfPQ==
  dependencies:
    "@lexical/utils" "0.3.11"
    prismjs "^1.27.0"

"@lexical/dragon@0.3.11":
  version "0.3.11"
  resolved "https://registry.npmjs.org/@lexical/dragon/-/dragon-0.3.11.tgz"
  integrity sha512-JEIjctxc5IAYWY2Su1xLChco/BaI0ErdQZIgUNzeVLDPTtvZuVJFvlEYkcZov6l0TUdWUzO19hRzqVIp/EWjew==

"@lexical/hashtag@0.3.11":
  version "0.3.11"
  resolved "https://registry.npmjs.org/@lexical/hashtag/-/hashtag-0.3.11.tgz"
  integrity sha512-dNUiIGW5F+Oqj/JBfp9nrSlnutpiUI0eml19CTAiAbgeMZiOeFPmicKdVMn/Lx6nxW6c+uxIbBk3ONSNZar2zA==
  dependencies:
    "@lexical/utils" "0.3.11"

"@lexical/history@0.3.11":
  version "0.3.11"
  resolved "https://registry.npmjs.org/@lexical/history/-/history-0.3.11.tgz"
  integrity sha512-XzhT0pKXs1QhTVIpiYHbeIf8J0M85mQQUnQFlT1FVd14SFodfpLJiYaLZNiUxm1NcMnJStmBGf0DiGdkdCIWDg==
  dependencies:
    "@lexical/utils" "0.3.11"

"@lexical/html@0.3.11":
  version "0.3.11"
  resolved "https://registry.npmjs.org/@lexical/html/-/html-0.3.11.tgz"
  integrity sha512-cw6IjI+OQr6Dwm1Mvkws0HsMOZ0lIky/DIhSt7ZAcUya+N1sis3kNIhg5Gijvpao+/n17QPgOwWS2sE7PFESmg==
  dependencies:
    "@lexical/selection" "0.3.11"

"@lexical/link@0.3.11":
  version "0.3.11"
  resolved "https://registry.npmjs.org/@lexical/link/-/link-0.3.11.tgz"
  integrity sha512-oNxS9vKKoYwkVyWdbHHPjcgtzap4yTj+72JEKcqmpQyox6FhUJpapEiWtWdpYPW/KaMZWfABY/zn5Cea0gq5CQ==
  dependencies:
    "@lexical/utils" "0.3.11"

"@lexical/list@0.3.11":
  version "0.3.11"
  resolved "https://registry.npmjs.org/@lexical/list/-/list-0.3.11.tgz"
  integrity sha512-l79kqwFRTuUx+fNxRmYaqP27tB7va/MAKoRL1Jzv1EYBZjz0fEHxpaRBG7Y5JHSMMFRQrJEhL4hKMs2EiCecvQ==
  dependencies:
    "@lexical/utils" "0.3.11"

"@lexical/mark@0.3.11":
  version "0.3.11"
  resolved "https://registry.npmjs.org/@lexical/mark/-/mark-0.3.11.tgz"
  integrity sha512-+OF+wytxcg54hVtM2zkjcGTS7CIgVhgyznoukWTgwWgFjkPHMfnLafBqmn61F5kAua1YZZZszzHOifinW2d4pA==
  dependencies:
    "@lexical/utils" "0.3.11"

"@lexical/markdown@0.3.11":
  version "0.3.11"
  resolved "https://registry.npmjs.org/@lexical/markdown/-/markdown-0.3.11.tgz"
  integrity sha512-Qz8jxhvgDBUY6PzbSArnOHtoOkzCVaOpEwOSZbkSbiWgXyIti1sw7kSFWSEy3lnGNHTacrmYcxwHLHUChMmMLA==
  dependencies:
    "@lexical/code" "0.3.11"
    "@lexical/link" "0.3.11"
    "@lexical/list" "0.3.11"
    "@lexical/rich-text" "0.3.11"
    "@lexical/text" "0.3.11"
    "@lexical/utils" "0.3.11"

"@lexical/offset@0.3.11":
  version "0.3.11"
  resolved "https://registry.npmjs.org/@lexical/offset/-/offset-0.3.11.tgz"
  integrity sha512-PD/8CZlG9sFJp4NAeRUpcTLedX6TbI3G3zhNJtJFb23deESF7BEZOywEsInR/7RDe/xEd3MKR+GCD89/D9INWg==

"@lexical/overflow@0.3.11":
  version "0.3.11"
  resolved "https://registry.npmjs.org/@lexical/overflow/-/overflow-0.3.11.tgz"
  integrity sha512-2UBiGC99ho9B2NDUu6ctUT5hoAEq8EfsbHhrwZBlNnspbl9DVmV70hhSgm0gVI/kRPvgkee0AUWywmfDAg1UPw==

"@lexical/plain-text@0.3.11":
  version "0.3.11"
  resolved "https://registry.npmjs.org/@lexical/plain-text/-/plain-text-0.3.11.tgz"
  integrity sha512-AfCHJPtY0g/gknYDCU2uZ5NHASSp1Gg7Ho7OuAi3sVOuVqs+SHI+ZkeC3y7MxrGhOP3TnZ+EsltAbToEQclSDA==

"@lexical/react@^0.3.11":
  version "0.3.11"
  resolved "https://registry.yarnpkg.com/@lexical/react/-/react-0.3.11.tgz#db87c2c5717791146531388a9739d93ade38c18e"
  integrity sha512-ynqsHl/ZDuvBoJjqcvWdlXKtGaZ47GbvcJtIARt9ya6G+z6+dqGzLp+ZSJIXHSt0Bet3YMzu3BZxCDpmJZkhbQ==
  dependencies:
    "@lexical/clipboard" "0.3.11"
    "@lexical/code" "0.3.11"
    "@lexical/dragon" "0.3.11"
    "@lexical/hashtag" "0.3.11"
    "@lexical/history" "0.3.11"
    "@lexical/link" "0.3.11"
    "@lexical/list" "0.3.11"
    "@lexical/mark" "0.3.11"
    "@lexical/markdown" "0.3.11"
    "@lexical/overflow" "0.3.11"
    "@lexical/plain-text" "0.3.11"
    "@lexical/rich-text" "0.3.11"
    "@lexical/selection" "0.3.11"
    "@lexical/table" "0.3.11"
    "@lexical/text" "0.3.11"
    "@lexical/utils" "0.3.11"
    "@lexical/yjs" "0.3.11"

"@lexical/rich-text@0.3.11":
  version "0.3.11"
  resolved "https://registry.npmjs.org/@lexical/rich-text/-/rich-text-0.3.11.tgz"
  integrity sha512-AkNVVo+Pw68C8ngl34ySJ2WC3AWLaOANE7ZyCjBLoq8u5SWlysSNNpRemWynnlFXBA6pOP6L55dUSND4kCAukA==

"@lexical/selection@0.3.11":
  version "0.3.11"
  resolved "https://registry.npmjs.org/@lexical/selection/-/selection-0.3.11.tgz"
  integrity sha512-6SlXUmLP6K2E1OQFS2QcOiGe1fZV4o1vFLynq/st7BVzpQ1/bDMp2lnsnNWyA0H6v36n+wVUvipKsyFcrDtH/w==

"@lexical/table@0.3.11":
  version "0.3.11"
  resolved "https://registry.npmjs.org/@lexical/table/-/table-0.3.11.tgz"
  integrity sha512-/6nDug81vfs6eI3u23JTRcCny1fsJ/gjM/ljERd6+f9rP+yXbStMKIyAsWebz6ZSskoyl5LIj8Po3PParhCdGg==
  dependencies:
    "@lexical/utils" "0.3.11"

"@lexical/text@0.3.11":
  version "0.3.11"
  resolved "https://registry.npmjs.org/@lexical/text/-/text-0.3.11.tgz"
  integrity sha512-GrjVVaN+hpunuzr5vxgoJir6WJeBpKSppqptrWtXwNcUdWTZjl64iT8pq/cseyvK61lVuL6boBEOmY2l0DC0RA==

"@lexical/utils@0.3.11":
  version "0.3.11"
  resolved "https://registry.npmjs.org/@lexical/utils/-/utils-0.3.11.tgz"
  integrity sha512-J3HQjPSYg33Yd+g/SUx9Selqn27qCmXN253+0lIEH8R8pn2A+Pe4vrk+/DSr/URuN1GUq+jjLWci3SDsA4h3xQ==
  dependencies:
    "@lexical/list" "0.3.11"
    "@lexical/table" "0.3.11"

"@lexical/yjs@0.3.11":
  version "0.3.11"
  resolved "https://registry.npmjs.org/@lexical/yjs/-/yjs-0.3.11.tgz"
  integrity sha512-8EXD5EOJF25a5197MNmPqLtThpXhmRkIQadJfOpWwzy/UQ0bwfp02HRwrW8YzuUu43RlVYi5vdeVTOS9LT9pIQ==
  dependencies:
    "@lexical/offset" "0.3.11"

app-path@^4.0.0:
  version "4.0.0"
  resolved "https://registry.npmjs.org/app-path/-/app-path-4.0.0.tgz"
  integrity sha512-mgBO9PZJ3MpbKbwFTljTi36ZKBvG5X/fkVR1F85ANsVcVllEb+C0LGNdJfGUm84GpC4xxgN6HFkmkMU8VEO4mA==
  dependencies:
    execa "^5.0.0"

cross-spawn@^7.0.3:
  version "7.0.3"
  resolved "https://registry.npmjs.org/cross-spawn/-/cross-spawn-7.0.3.tgz"
  integrity sha512-iRDPJKUPVEND7dHPO8rkbOnPpyDygcDFtWjpeWNCgy8WP2rXcxXL8TskReQl6OrB2G7+UJrags1q15Fudc7G6w==
  dependencies:
    path-key "^3.1.0"
    shebang-command "^2.0.0"
    which "^2.0.1"

electron-log@^4.4.8:
  version "4.4.8"
  resolved "https://registry.yarnpkg.com/electron-log/-/electron-log-4.4.8.tgz#fcb9f714dbcaefb6ac7984c4683912c74730248a"
  integrity sha512-QQ4GvrXO+HkgqqEOYbi+DHL7hj5JM+nHi/j+qrN9zeeXVKy8ZABgbu4CnG+BBqDZ2+tbeq9tUC4DZfIWFU5AZA==

electron-window-state@^5.0.3:
  version "5.0.3"
  resolved "https://registry.npmjs.org/electron-window-state/-/electron-window-state-5.0.3.tgz"
  integrity sha512-1mNTwCfkolXl3kMf50yW3vE2lZj0y92P/HYWFBrb+v2S/pCka5mdwN3cagKm458A7NjndSwijynXgcLWRodsVg==
  dependencies:
    jsonfile "^4.0.0"
    mkdirp "^0.5.1"

execa@^5.0.0:
  version "5.1.1"
  resolved "https://registry.npmjs.org/execa/-/execa-5.1.1.tgz"
  integrity sha512-8uSpZZocAZRBAPIEINJj3Lo9HyGitllczc27Eh5YYojjMFMn8yHMDMaUHE2Jqfq05D/wucwI4JGURyXt1vchyg==
  dependencies:
    cross-spawn "^7.0.3"
    get-stream "^6.0.0"
    human-signals "^2.1.0"
    is-stream "^2.0.0"
    merge-stream "^2.0.0"
    npm-run-path "^4.0.1"
    onetime "^5.1.2"
    signal-exit "^3.0.3"
    strip-final-newline "^2.0.0"

get-stream@^6.0.0:
  version "6.0.1"
  resolved "https://registry.npmjs.org/get-stream/-/get-stream-6.0.1.tgz"
  integrity sha512-ts6Wi+2j3jQjqi70w5AlN8DFnkSwC+MqmxEzdEALB2qXZYV3X/b1CTfgPLGJNMeAWxdPfU8FO1ms3NUfaHCPYg==

graceful-fs@^4.1.6:
  version "4.2.10"
  resolved "https://registry.npmjs.org/graceful-fs/-/graceful-fs-4.2.10.tgz"
  integrity sha512-9ByhssR2fPVsNZj478qUUbKfmL0+t5BDVyjShtyZZLiK7ZDAArFFfopyOTj0M05wE2tJPisA4iTnnXl2YoPvOA==

human-signals@^2.1.0:
  version "2.1.0"
  resolved "https://registry.npmjs.org/human-signals/-/human-signals-2.1.0.tgz"
  integrity sha512-B4FFZ6q/T2jhhksgkbEW3HBvWIfDW85snkQgawt07S7J5QXTk6BkNV+0yAeZrM5QpMAdYlocGoljn0sJ/WQkFw==

is-stream@^2.0.0:
  version "2.0.1"
  resolved "https://registry.npmjs.org/is-stream/-/is-stream-2.0.1.tgz"
  integrity sha512-hFoiJiTl63nn+kstHGBtewWSKnQLpyb155KHheA1l39uvtO9nWIop1p3udqPcUd/xbF1VLMO4n7OI6p7RbngDg==

isexe@^2.0.0:
  version "2.0.0"
  resolved "https://registry.npmjs.org/isexe/-/isexe-2.0.0.tgz"
  integrity sha512-RHxMLp9lnKHGHRng9QFhRCMbYAcVpn69smSGcq3f36xjgVVWThj4qqLbTLlq7Ssj8B+fIQ1EuCEGI2lKsyQeIw==

"js-tokens@^3.0.0 || ^4.0.0":
  version "4.0.0"
  resolved "https://registry.npmjs.org/js-tokens/-/js-tokens-4.0.0.tgz"
  integrity sha512-RdJUflcE3cUzKiMqQgsCu06FPu9UdIJO0beYbPhHN4k6apgJtifcoCtT9bcxOpYBtpD2kCM6Sbzg4CausW/PKQ==

jsonfile@^4.0.0:
  version "4.0.0"
  resolved "https://registry.npmjs.org/jsonfile/-/jsonfile-4.0.0.tgz"
  integrity sha512-m6F1R3z8jjlf2imQHS2Qez5sjKWQzbuuhuJ/FKYFRZvPE3PuHcSMVZzfsLhGVOkfd20obL5SWEBew5ShlquNxg==
  optionalDependencies:
    graceful-fs "^4.1.6"

lexical@^0.3.11:
  version "0.3.11"
  resolved "https://registry.yarnpkg.com/lexical/-/lexical-0.3.11.tgz#9160c1850cf68e75ce05305b2c72a34665eb927e"
  integrity sha512-HZvQ2T3g0jWBX6MC/A0HY1N7NMvR+FrmTfR4vn6WnoCg56UPlkgIX3GKa6rCyGOAnOtykXRPJ831JWEKJUHalQ==

loose-envify@^1.1.0:
  version "1.4.0"
  resolved "https://registry.npmjs.org/loose-envify/-/loose-envify-1.4.0.tgz"
  integrity sha512-lyuxPGr/Wfhrlem2CL/UcnUc1zcqKAImBDzukY7Y5F/yQiNdko6+fRLevlw1HgMySw7f611UIY408EtxRSoK3Q==
  dependencies:
    js-tokens "^3.0.0 || ^4.0.0"

merge-stream@^2.0.0:
  version "2.0.0"
  resolved "https://registry.npmjs.org/merge-stream/-/merge-stream-2.0.0.tgz"
  integrity sha512-abv/qOcuPfk3URPfDzmZU1LKmuw8kT+0nIHvKrKgFrwifol/doWcdA4ZqsWQ8ENrFKkd67Mfpo/LovbIUsbt3w==

mimic-fn@^2.1.0:
  version "2.1.0"
  resolved "https://registry.npmjs.org/mimic-fn/-/mimic-fn-2.1.0.tgz"
  integrity sha512-OqbOk5oEQeAZ8WXWydlu9HJjz9WVdEIvamMCcXmuqUYjTknH/sqsWvhQ3vgwKFRR1HpjvNBKQ37nbJgYzGqGcg==

minimist@^1.2.6:
  version "1.2.6"
  resolved "https://registry.npmjs.org/minimist/-/minimist-1.2.6.tgz"
  integrity sha512-Jsjnk4bw3YJqYzbdyBiNsPWHPfO++UGG749Cxs6peCu5Xg4nrena6OVxOYxrQTqww0Jmwt+Ref8rggumkTLz9Q==

mkdirp@^0.5.1:
  version "0.5.6"
  resolved "https://registry.npmjs.org/mkdirp/-/mkdirp-0.5.6.tgz"
  integrity sha512-FP+p8RB8OWpF3YZBCrP5gtADmtXApB5AMLn+vdyA+PyxCjrCs00mjyUozssO33cwDeT3wNGdLxJ5M//YqtHAJw==
  dependencies:
    minimist "^1.2.6"

npm-run-path@^4.0.1:
  version "4.0.1"
  resolved "https://registry.npmjs.org/npm-run-path/-/npm-run-path-4.0.1.tgz"
  integrity sha512-S48WzZW777zhNIrn7gxOlISNAqi9ZC/uQFnRdbeIHhZhCA6UqpkOT8T1G7BvfdgP4Er8gF4sUbaS0i7QvIfCWw==
  dependencies:
    path-key "^3.0.0"

onetime@^5.1.2:
  version "5.1.2"
  resolved "https://registry.npmjs.org/onetime/-/onetime-5.1.2.tgz"
  integrity sha512-kbpaSSGJTWdAY5KPVeMOKXSrPtr8C8C7wodJbcsd51jRnmD+GZu8Y0VoU6Dm5Z4vWr0Ig/1NKuWRKf7j5aaYSg==
  dependencies:
    mimic-fn "^2.1.0"

path-key@^3.0.0, path-key@^3.1.0:
  version "3.1.1"
  resolved "https://registry.npmjs.org/path-key/-/path-key-3.1.1.tgz"
  integrity sha512-ojmeN0qd+y0jszEtoY48r0Peq5dwMEkIlCOu6Q5f41lfkswXuKtYrhgoTpLnyIcHm24Uhqx+5Tqm2InSwLhE6Q==

prismjs@^1.27.0:
  version "1.28.0"
  resolved "https://registry.npmjs.org/prismjs/-/prismjs-1.28.0.tgz"
  integrity sha512-8aaXdYvl1F7iC7Xm1spqSaY/OJBpYW3v+KJ+F17iYxvdc8sfjW194COK5wVhMZX45tGteiBQgdvD/nhxcRwylw==

react-dom@^18.2.0:
  version "18.2.0"
  resolved "https://registry.npmjs.org/react-dom/-/react-dom-18.2.0.tgz"
  integrity sha512-6IMTriUmvsjHUjNtEDudZfuDQUoWXVxKHhlEGSk81n4YFS+r/Kl99wXiwlVXtPBtJenozv2P+hxDsw9eA7Xo6g==
  dependencies:
    loose-envify "^1.1.0"
    scheduler "^0.23.0"

react@^18.2.0:
  version "18.2.0"
  resolved "https://registry.npmjs.org/react/-/react-18.2.0.tgz"
  integrity sha512-/3IjMdb2L9QbBdWiW5e3P2/npwMBaU9mHCSCUzNln0ZCYbcfTsGbTJrU/kGemdH2IWmB2ioZ+zkxtmq6g09fGQ==
  dependencies:
    loose-envify "^1.1.0"

scheduler@^0.23.0:
  version "0.23.0"
  resolved "https://registry.npmjs.org/scheduler/-/scheduler-0.23.0.tgz"
  integrity sha512-CtuThmgHNg7zIZWAXi3AsyIzA3n4xx7aNyjwC2VJldO2LMVDhFK+63xGqq6CsJH4rTAt6/M+N4GhZiDYPx9eUw==
  dependencies:
    loose-envify "^1.1.0"

shebang-command@^2.0.0:
  version "2.0.0"
  resolved "https://registry.npmjs.org/shebang-command/-/shebang-command-2.0.0.tgz"
  integrity sha512-kHxr2zZpYtdmrN1qDjrrX/Z1rR1kG8Dx+gkpK1G4eXmvXswmcE1hTWBWYUzlraYw1/yZp6YuDY77YtvbN0dmDA==
  dependencies:
    shebang-regex "^3.0.0"

shebang-regex@^3.0.0:
  version "3.0.0"
  resolved "https://registry.npmjs.org/shebang-regex/-/shebang-regex-3.0.0.tgz"
  integrity sha512-7++dFhtcx3353uBaq8DDR4NuxBetBzC7ZQOhmTQInHEd6bSrXdiEyzCvG07Z44UYdLShWUyXt5M/yhz8ekcb1A==

signal-exit@^3.0.3:
  version "3.0.7"
  resolved "https://registry.npmjs.org/signal-exit/-/signal-exit-3.0.7.tgz"
  integrity sha512-wnD2ZE+l+SPC/uoS0vXeE9L1+0wuaMqKlfz9AMUo38JsyLSBWSFcHR1Rri62LZc12vLr1gb3jl7iwQhgwpAbGQ==

strip-final-newline@^2.0.0:
  version "2.0.0"
  resolved "https://registry.npmjs.org/strip-final-newline/-/strip-final-newline-2.0.0.tgz"
  integrity sha512-BrpvfNAE3dcvq7ll3xVumzjKjZQ5tI1sEUIKr3Uoks0XUl45St3FlatVqef9prk4jRDzhW6WZg+3bk93y6pLjA==

tslib@^2.4.0:
  version "2.4.0"
  resolved "https://registry.npmjs.org/tslib/-/tslib-2.4.0.tgz"
  integrity sha512-d6xOpEDfsi2CZVlPQzGeux8XMwLT9hssAsaPYExaQMuYskwb+x1x7J371tWlbBdWHroy99KnVB6qIkUbs5X3UQ==

which@^2.0.1:
  version "2.0.2"
  resolved "https://registry.npmjs.org/which/-/which-2.0.2.tgz"
  integrity sha512-BLI3Tl1TW3Pvl70l3yq3Y64i+awpwXqsGBYWkkqMtnbXgrMD+yj7rhW0kuEDxzJaYXGjEW5ogapKNMEKNMjibA==
  dependencies:
    isexe "^2.0.0"
